
Microsoft Visual Studio Solution File, Format Version 12.00
# Visual Studio 15
Project("{FAE04EC0-301F-11D3-BF4B-00C04F79EFBC}") = "UnityEngine.TestRunner", "UnityEngine.TestRunner.csproj", "{3995E2C4-A445-17B9-508D-F3F79C05D950}"
EndProject
Project("{FAE04EC0-301F-11D3-BF4B-00C04F79EFBC}") = "UnityEngine.UI", "UnityEngine.UI.csproj", "{FF6D79EE-9D1E-7278-CEA8-513E54E8076A}"
EndProject
Project("{FAE04EC0-301F-11D3-BF4B-00C04F79EFBC}") = "Unity.Mathematics", "Unity.Mathematics.csproj", "{BBCFBBE2-B0FE-1CC0-EE12-7C07C5C82E2C}"
EndProject
Project("{FAE04EC0-301F-11D3-BF4B-00C04F79EFBC}") = "Unity.Timeline", "Unity.Timeline.csproj", "{3AAEAC88-F17D-E2AD-5C90-B8F5642EDD94}"
EndProject
Project("{FAE04EC0-301F-11D3-BF4B-00C04F79EFBC}") = "Unity.TextMeshPro", "Unity.TextMeshPro.csproj", "{41867897-069A-D86B-B14E-811BC717A034}"
EndProject
Project("{FAE04EC0-301F-11D3-BF4B-00C04F79EFBC}") = "Unity.Burst", "Unity.Burst.csproj", "{C0FC5E8A-16C9-F2C2-0F75-1F3D8308EB3A}"
EndProject
Project("{FAE04EC0-301F-11D3-BF4B-00C04F79EFBC}") = "Unity.2D.Animation.Runtime", "Unity.2D.Animation.Runtime.csproj", "{E7560485-391F-8007-2751-332F3D759F6E}"
EndProject
Project("{FAE04EC0-301F-11D3-BF4B-00C04F79EFBC}") = "Unity.2D.IK.Runtime", "Unity.2D.IK.Runtime.csproj", "{B2DE2C32-78C2-4920-E2F1-08BE7DF8F85C}"
EndProject
Project("{FAE04EC0-301F-11D3-BF4B-00C04F79EFBC}") = "Unity.2D.SpriteShape.Runtime", "Unity.2D.SpriteShape.Runtime.csproj", "{A02C53B4-7004-A37B-94D4-2837AE160D7E}"
EndProject
Project("{FAE04EC0-301F-11D3-BF4B-00C04F79EFBC}") = "Unity.2D.Common.Runtime", "Unity.2D.Common.Runtime.csproj", "{BBE73C8E-C4BB-9DC2-C717-5B86B2D972F4}"
EndProject
Project("{FAE04EC0-301F-11D3-BF4B-00C04F79EFBC}") = "Unity.2D.PixelPerfect", "Unity.2D.PixelPerfect.csproj", "{F534B567-0982-BC2B-8FE8-8B2D0E43436E}"
EndProject
Project("{FAE04EC0-301F-11D3-BF4B-00C04F79EFBC}") = "Assembly-CSharp", "Assembly-CSharp.csproj", "{19AD8C73-4DC0-359D-76D8-5EA71CD70F6D}"
EndProject
Project("{FAE04EC0-301F-11D3-BF4B-00C04F79EFBC}") = "Unity.InternalAPIEngineBridge.001", "Unity.InternalAPIEngineBridge.001.csproj", "{35D26917-0CEB-88EA-3F0D-7DB9C093E437}"
EndProject
Project("{FAE04EC0-301F-11D3-BF4B-00C04F79EFBC}") = "UnityEditor.TestRunner", "UnityEditor.TestRunner.csproj", "{D66D3EC1-6DF7-22CF-1279-C6143CDE3D0E}"
EndProject
Project("{FAE04EC0-301F-11D3-BF4B-00C04F79EFBC}") = "Unity.2D.Psdimporter.Editor", "Unity.2D.Psdimporter.Editor.csproj", "{E4CDFE37-6AFD-7CCA-E4EB-D2E328EFE350}"
EndProject
Project("{FAE04EC0-301F-11D3-BF4B-00C04F79EFBC}") = "Unity.PlasticSCM.Editor", "Unity.PlasticSCM.Editor.csproj", "{1574C1BB-A643-0091-941F-4B140A8C7B8F}"
EndProject
Project("{FAE04EC0-301F-11D3-BF4B-00C04F79EFBC}") = "UnityEditor.UI", "UnityEditor.UI.csproj", "{A8BB5210-2984-87F2-6EED-A03A63D6AD19}"
EndProject
Project("{FAE04EC0-301F-11D3-BF4B-00C04F79EFBC}") = "Unity.Services.Core.Editor", "Unity.Services.Core.Editor.csproj", "{3A89E69E-9E98-BCBF-ADB3-DE83EFEDEEC2}"
EndProject
Project("{FAE04EC0-301F-11D3-BF4B-00C04F79EFBC}") = "Unity.Timeline.Editor", "Unity.Timeline.Editor.csproj", "{D666AAD8-DA22-52ED-3AC5-B5C334E2A7E9}"
EndProject
Project("{FAE04EC0-301F-11D3-BF4B-00C04F79EFBC}") = "Unity.VisualStudio.Editor", "Unity.VisualStudio.Editor.csproj", "{1081FB58-39F1-66E5-AC70-325C6876D105}"
EndProject
Project("{FAE04EC0-301F-11D3-BF4B-00C04F79EFBC}") = "Unity.2D.Animation.Editor", "Unity.2D.Animation.Editor.csproj", "{22A290FC-7DA7-99FA-1973-E746C954A579}"
EndProject
Project("{FAE04EC0-301F-11D3-BF4B-00C04F79EFBC}") = "Unity.TextMeshPro.Editor", "Unity.TextMeshPro.Editor.csproj", "{664A95A4-0733-EE5F-5FFF-C36EBACA54C7}"
EndProject
Project("{FAE04EC0-301F-11D3-BF4B-00C04F79EFBC}") = "Unity.2D.SpriteShape.Editor", "Unity.2D.SpriteShape.Editor.csproj", "{CE44968F-6FB1-F8A5-F3AF-0BC002E61CB6}"
EndProject
Project("{FAE04EC0-301F-11D3-BF4B-00C04F79EFBC}") = "Unity.CollabProxy.Editor", "Unity.CollabProxy.Editor.csproj", "{11755015-520C-2FCF-840A-180A4E8FA013}"
EndProject
Project("{FAE04EC0-301F-11D3-BF4B-00C04F79EFBC}") = "PsdPlugin", "PsdPlugin.csproj", "{7273DF34-B2A5-E27A-8269-7CA06CF9C935}"
EndProject
Project("{FAE04EC0-301F-11D3-BF4B-00C04F79EFBC}") = "Unity.2D.Tilemap.Editor", "Unity.2D.Tilemap.Editor.csproj", "{6274AF2B-B624-4B28-D0E1-99C4131246DE}"
EndProject
Project("{FAE04EC0-301F-11D3-BF4B-00C04F79EFBC}") = "Unity.2D.Path.Editor", "Unity.2D.Path.Editor.csproj", "{910DEF6A-0AA4-84A6-2999-12D8BB3A7D96}"
EndProject
Project("{FAE04EC0-301F-11D3-BF4B-00C04F79EFBC}") = "Unity.Rider.Editor", "Unity.Rider.Editor.csproj", "{23001623-9E5B-BE47-EFF6-13914ADC8CB8}"
EndProject
Project("{FAE04EC0-301F-11D3-BF4B-00C04F79EFBC}") = "Unity.2D.Sprite.Editor", "Unity.2D.Sprite.Editor.csproj", "{D9C2E38C-F2C9-D2E4-7F2B-D6D8319A7AF4}"
EndProject
Project("{FAE04EC0-301F-11D3-BF4B-00C04F79EFBC}") = "Unity.2D.IK.Editor", "Unity.2D.IK.Editor.csproj", "{C4A3FDB7-5146-33C4-1C52-07EAC27297EA}"
EndProject
Project("{FAE04EC0-301F-11D3-BF4B-00C04F79EFBC}") = "Unity.Burst.Editor", "Unity.Burst.Editor.csproj", "{91AD2493-2F0A-3A72-3E26-1CFAA5D0899A}"
EndProject
Project("{FAE04EC0-301F-11D3-BF4B-00C04F79EFBC}") = "Unity.Burst.CodeGen", "Unity.Burst.CodeGen.csproj", "{22877A13-BA52-AED7-1B04-020D976E6FE0}"
EndProject
Project("{FAE04EC0-301F-11D3-BF4B-00C04F79EFBC}") = "Unity.2D.PixelPerfect.Editor", "Unity.2D.PixelPerfect.Editor.csproj", "{85979158-7BC3-32E1-4CDA-8E0273E76CCD}"
EndProject
Project("{FAE04EC0-301F-11D3-BF4B-00C04F79EFBC}") = "Unity.VSCode.Editor", "Unity.VSCode.Editor.csproj", "{CEE898FA-FB46-DDFB-A049-EF54EAA52B63}"
EndProject
Project("{FAE04EC0-301F-11D3-BF4B-00C04F79EFBC}") = "Unity.2D.Common.Editor", "Unity.2D.Common.Editor.csproj", "{9C7032DC-38BE-6708-98D6-D106DC412CDF}"
EndProject
Project("{FAE04EC0-301F-11D3-BF4B-00C04F79EFBC}") = "Unity.Mathematics.Editor", "Unity.Mathematics.Editor.csproj", "{960FE20D-081E-3080-A0C9-B4ECDA9AFF34}"
EndProject
Project("{FAE04EC0-301F-11D3-BF4B-00C04F79EFBC}") = "Unity.InternalAPIEditorBridge.001", "Unity.InternalAPIEditorBridge.001.csproj", "{A98C4648-0D8C-646B-300D-1488F25F1A65}"
EndProject
Project("{FAE04EC0-301F-11D3-BF4B-00C04F79EFBC}") = "UnityEngine.TestRunner", "UnityEngine.TestRunner.Player.csproj", "{5415257B-605D-C1EE-3A57-3704A3EE59B2}"
EndProject
Project("{FAE04EC0-301F-11D3-BF4B-00C04F79EFBC}") = "UnityEngine.UI", "UnityEngine.UI.Player.csproj", "{71B13413-3079-F189-A609-7EF55CBE7835}"
EndProject
Project("{FAE04EC0-301F-11D3-BF4B-00C04F79EFBC}") = "Unity.Mathematics", "Unity.Mathematics.Player.csproj", "{3924BE50-8C13-8768-9CDB-820AA6FEB3BD}"
EndProject
Project("{FAE04EC0-301F-11D3-BF4B-00C04F79EFBC}") = "Unity.Timeline", "Unity.Timeline.Player.csproj", "{36A4D7C4-551B-47FF-A4C5-DBB756F51F3B}"
EndProject
Project("{FAE04EC0-301F-11D3-BF4B-00C04F79EFBC}") = "Unity.TextMeshPro", "Unity.TextMeshPro.Player.csproj", "{AE18EA3E-B84B-CAE7-A33C-CF1FE1252105}"
EndProject
Project("{FAE04EC0-301F-11D3-BF4B-00C04F79EFBC}") = "Unity.Burst", "Unity.Burst.Player.csproj", "{ADFADC25-24C5-AFFF-5A8A-099153D9D9F0}"
EndProject
Project("{FAE04EC0-301F-11D3-BF4B-00C04F79EFBC}") = "Unity.2D.Animation.Runtime", "Unity.2D.Animation.Runtime.Player.csproj", "{A45FEDDF-5317-DD54-9866-70612DC708AF}"
EndProject
Project("{FAE04EC0-301F-11D3-BF4B-00C04F79EFBC}") = "Unity.2D.IK.Runtime", "Unity.2D.IK.Runtime.Player.csproj", "{A8E95C33-094C-9AC2-4D86-4B31FCE0735A}"
EndProject
Project("{FAE04EC0-301F-11D3-BF4B-00C04F79EFBC}") = "Unity.2D.SpriteShape.Runtime", "Unity.2D.SpriteShape.Runtime.Player.csproj", "{2B11B74C-264F-87A2-8C1C-3BC35D8AE8B2}"
EndProject
Project("{FAE04EC0-301F-11D3-BF4B-00C04F79EFBC}") = "Unity.2D.Common.Runtime", "Unity.2D.Common.Runtime.Player.csproj", "{9D693A8C-FEA0-9DD7-A39B-B51166597808}"
EndProject
Project("{FAE04EC0-301F-11D3-BF4B-00C04F79EFBC}") = "Unity.2D.PixelPerfect", "Unity.2D.PixelPerfect.Player.csproj", "{CFEDF5E2-0F7C-7215-60FC-C87EAA923435}"
EndProject
Project("{FAE04EC0-301F-11D3-BF4B-00C04F79EFBC}") = "Assembly-CSharp", "Assembly-CSharp.Player.csproj", "{056A370B-EF19-0E82-22BC-E7F898569A3C}"
EndProject
Project("{FAE04EC0-301F-11D3-BF4B-00C04F79EFBC}") = "Unity.InternalAPIEngineBridge.001", "Unity.InternalAPIEngineBridge.001.Player.csproj", "{DD352400-5305-2F38-BE3A-0A6EAEF9BB6D}"
EndProject
Global
	GlobalSection(SolutionConfigurationPlatforms) = preSolution
		Debug|Any CPU = Debug|Any CPU
		Release|Any CPU = Release|Any CPU
	EndGlobalSection
	GlobalSection(ProjectConfigurationPlatforms) = postSolution
		{3995E2C4-A445-17B9-508D-F3F79C05D950}.Debug|Any CPU.ActiveCfg = Debug|Any CPU
		{3995E2C4-A445-17B9-508D-F3F79C05D950}.Debug|Any CPU.Build.0 = Debug|Any CPU
		{3995E2C4-A445-17B9-508D-F3F79C05D950}.Release|Any CPU.ActiveCfg = Release|Any CPU
		{3995E2C4-A445-17B9-508D-F3F79C05D950}.Release|Any CPU.Build.0 = Release|Any CPU
		{FF6D79EE-9D1E-7278-CEA8-513E54E8076A}.Debug|Any CPU.ActiveCfg = Debug|Any CPU
		{FF6D79EE-9D1E-7278-CEA8-513E54E8076A}.Debug|Any CPU.Build.0 = Debug|Any CPU
		{FF6D79EE-9D1E-7278-CEA8-513E54E8076A}.Release|Any CPU.ActiveCfg = Release|Any CPU
		{FF6D79EE-9D1E-7278-CEA8-513E54E8076A}.Release|Any CPU.Build.0 = Release|Any CPU
		{BBCFBBE2-B0FE-1CC0-EE12-7C07C5C82E2C}.Debug|Any CPU.ActiveCfg = Debug|Any CPU
		{BBCFBBE2-B0FE-1CC0-EE12-7C07C5C82E2C}.Debug|Any CPU.Build.0 = Debug|Any CPU
		{BBCFBBE2-B0FE-1CC0-EE12-7C07C5C82E2C}.Release|Any CPU.ActiveCfg = Release|Any CPU
		{BBCFBBE2-B0FE-1CC0-EE12-7C07C5C82E2C}.Release|Any CPU.Build.0 = Release|Any CPU
		{3AAEAC88-F17D-E2AD-5C90-B8F5642EDD94}.Debug|Any CPU.ActiveCfg = Debug|Any CPU
		{3AAEAC88-F17D-E2AD-5C90-B8F5642EDD94}.Debug|Any CPU.Build.0 = Debug|Any CPU
		{3AAEAC88-F17D-E2AD-5C90-B8F5642EDD94}.Release|Any CPU.ActiveCfg = Release|Any CPU
		{3AAEAC88-F17D-E2AD-5C90-B8F5642EDD94}.Release|Any CPU.Build.0 = Release|Any CPU
		{41867897-069A-D86B-B14E-811BC717A034}.Debug|Any CPU.ActiveCfg = Debug|Any CPU
		{41867897-069A-D86B-B14E-811BC717A034}.Debug|Any CPU.Build.0 = Debug|Any CPU
		{41867897-069A-D86B-B14E-811BC717A034}.Release|Any CPU.ActiveCfg = Release|Any CPU
		{41867897-069A-D86B-B14E-811BC717A034}.Release|Any CPU.Build.0 = Release|Any CPU
		{C0FC5E8A-16C9-F2C2-0F75-1F3D8308EB3A}.Debug|Any CPU.ActiveCfg = Debug|Any CPU
		{C0FC5E8A-16C9-F2C2-0F75-1F3D8308EB3A}.Debug|Any CPU.Build.0 = Debug|Any CPU
		{C0FC5E8A-16C9-F2C2-0F75-1F3D8308EB3A}.Release|Any CPU.ActiveCfg = Release|Any CPU
		{C0FC5E8A-16C9-F2C2-0F75-1F3D8308EB3A}.Release|Any CPU.Build.0 = Release|Any CPU
		{E7560485-391F-8007-2751-332F3D759F6E}.Debug|Any CPU.ActiveCfg = Debug|Any CPU
		{E7560485-391F-8007-2751-332F3D759F6E}.Debug|Any CPU.Build.0 = Debug|Any CPU
		{E7560485-391F-8007-2751-332F3D759F6E}.Release|Any CPU.ActiveCfg = Release|Any CPU
		{E7560485-391F-8007-2751-332F3D759F6E}.Release|Any CPU.Build.0 = Release|Any CPU
		{B2DE2C32-78C2-4920-E2F1-08BE7DF8F85C}.Debug|Any CPU.ActiveCfg = Debug|Any CPU
		{B2DE2C32-78C2-4920-E2F1-08BE7DF8F85C}.Debug|Any CPU.Build.0 = Debug|Any CPU
		{B2DE2C32-78C2-4920-E2F1-08BE7DF8F85C}.Release|Any CPU.ActiveCfg = Release|Any CPU
		{B2DE2C32-78C2-4920-E2F1-08BE7DF8F85C}.Release|Any CPU.Build.0 = Release|Any CPU
		{A02C53B4-7004-A37B-94D4-2837AE160D7E}.Debug|Any CPU.ActiveCfg = Debug|Any CPU
		{A02C53B4-7004-A37B-94D4-2837AE160D7E}.Debug|Any CPU.Build.0 = Debug|Any CPU
		{A02C53B4-7004-A37B-94D4-2837AE160D7E}.Release|Any CPU.ActiveCfg = Release|Any CPU
		{A02C53B4-7004-A37B-94D4-2837AE160D7E}.Release|Any CPU.Build.0 = Release|Any CPU
		{BBE73C8E-C4BB-9DC2-C717-5B86B2D972F4}.Debug|Any CPU.ActiveCfg = Debug|Any CPU
		{BBE73C8E-C4BB-9DC2-C717-5B86B2D972F4}.Debug|Any CPU.Build.0 = Debug|Any CPU
		{BBE73C8E-C4BB-9DC2-C717-5B86B2D972F4}.Release|Any CPU.ActiveCfg = Release|Any CPU
		{BBE73C8E-C4BB-9DC2-C717-5B86B2D972F4}.Release|Any CPU.Build.0 = Release|Any CPU
		{F534B567-0982-BC2B-8FE8-8B2D0E43436E}.Debug|Any CPU.ActiveCfg = Debug|Any CPU
		{F534B567-0982-BC2B-8FE8-8B2D0E43436E}.Debug|Any CPU.Build.0 = Debug|Any CPU
		{F534B567-0982-BC2B-8FE8-8B2D0E43436E}.Release|Any CPU.ActiveCfg = Release|Any CPU
		{F534B567-0982-BC2B-8FE8-8B2D0E43436E}.Release|Any CPU.Build.0 = Release|Any CPU
		{19AD8C73-4DC0-359D-76D8-5EA71CD70F6D}.Debug|Any CPU.ActiveCfg = Debug|Any CPU
		{19AD8C73-4DC0-359D-76D8-5EA71CD70F6D}.Debug|Any CPU.Build.0 = Debug|Any CPU
		{19AD8C73-4DC0-359D-76D8-5EA71CD70F6D}.Release|Any CPU.ActiveCfg = Release|Any CPU
		{19AD8C73-4DC0-359D-76D8-5EA71CD70F6D}.Release|Any CPU.Build.0 = Release|Any CPU
		{35D26917-0CEB-88EA-3F0D-7DB9C093E437}.Debug|Any CPU.ActiveCfg = Debug|Any CPU
		{35D26917-0CEB-88EA-3F0D-7DB9C093E437}.Debug|Any CPU.Build.0 = Debug|Any CPU
		{35D26917-0CEB-88EA-3F0D-7DB9C093E437}.Release|Any CPU.ActiveCfg = Release|Any CPU
		{35D26917-0CEB-88EA-3F0D-7DB9C093E437}.Release|Any CPU.Build.0 = Release|Any CPU
		{D66D3EC1-6DF7-22CF-1279-C6143CDE3D0E}.Debug|Any CPU.ActiveCfg = Debug|Any CPU
		{D66D3EC1-6DF7-22CF-1279-C6143CDE3D0E}.Debug|Any CPU.Build.0 = Debug|Any CPU
		{D66D3EC1-6DF7-22CF-1279-C6143CDE3D0E}.Release|Any CPU.ActiveCfg = Release|Any CPU
		{D66D3EC1-6DF7-22CF-1279-C6143CDE3D0E}.Release|Any CPU.Build.0 = Release|Any CPU
		{E4CDFE37-6AFD-7CCA-E4EB-D2E328EFE350}.Debug|Any CPU.ActiveCfg = Debug|Any CPU
		{E4CDFE37-6AFD-7CCA-E4EB-D2E328EFE350}.Debug|Any CPU.Build.0 = Debug|Any CPU
		{E4CDFE37-6AFD-7CCA-E4EB-D2E328EFE350}.Release|Any CPU.ActiveCfg = Release|Any CPU
		{E4CDFE37-6AFD-7CCA-E4EB-D2E328EFE350}.Release|Any CPU.Build.0 = Release|Any CPU
		{1574C1BB-A643-0091-941F-4B140A8C7B8F}.Debug|Any CPU.ActiveCfg = Debug|Any CPU
		{1574C1BB-A643-0091-941F-4B140A8C7B8F}.Debug|Any CPU.Build.0 = Debug|Any CPU
		{1574C1BB-A643-0091-941F-4B140A8C7B8F}.Release|Any CPU.ActiveCfg = Release|Any CPU
		{1574C1BB-A643-0091-941F-4B140A8C7B8F}.Release|Any CPU.Build.0 = Release|Any CPU
		{A8BB5210-2984-87F2-6EED-A03A63D6AD19}.Debug|Any CPU.ActiveCfg = Debug|Any CPU
		{A8BB5210-2984-87F2-6EED-A03A63D6AD19}.Debug|Any CPU.Build.0 = Debug|Any CPU
		{A8BB5210-2984-87F2-6EED-A03A63D6AD19}.Release|Any CPU.ActiveCfg = Release|Any CPU
		{A8BB5210-2984-87F2-6EED-A03A63D6AD19}.Release|Any CPU.Build.0 = Release|Any CPU
		{3A89E69E-9E98-BCBF-ADB3-DE83EFEDEEC2}.Debug|Any CPU.ActiveCfg = Debug|Any CPU
		{3A89E69E-9E98-BCBF-ADB3-DE83EFEDEEC2}.Debug|Any CPU.Build.0 = Debug|Any CPU
		{3A89E69E-9E98-BCBF-ADB3-DE83EFEDEEC2}.Release|Any CPU.ActiveCfg = Release|Any CPU
		{3A89E69E-9E98-BCBF-ADB3-DE83EFEDEEC2}.Release|Any CPU.Build.0 = Release|Any CPU
		{D666AAD8-DA22-52ED-3AC5-B5C334E2A7E9}.Debug|Any CPU.ActiveCfg = Debug|Any CPU
		{D666AAD8-DA22-52ED-3AC5-B5C334E2A7E9}.Debug|Any CPU.Build.0 = Debug|Any CPU
		{D666AAD8-DA22-52ED-3AC5-B5C334E2A7E9}.Release|Any CPU.ActiveCfg = Release|Any CPU
		{D666AAD8-DA22-52ED-3AC5-B5C334E2A7E9}.Release|Any CPU.Build.0 = Release|Any CPU
		{1081FB58-39F1-66E5-AC70-325C6876D105}.Debug|Any CPU.ActiveCfg = Debug|Any CPU
		{1081FB58-39F1-66E5-AC70-325C6876D105}.Debug|Any CPU.Build.0 = Debug|Any CPU
		{1081FB58-39F1-66E5-AC70-325C6876D105}.Release|Any CPU.ActiveCfg = Release|Any CPU
		{1081FB58-39F1-66E5-AC70-325C6876D105}.Release|Any CPU.Build.0 = Release|Any CPU
		{22A290FC-7DA7-99FA-1973-E746C954A579}.Debug|Any CPU.ActiveCfg = Debug|Any CPU
		{22A290FC-7DA7-99FA-1973-E746C954A579}.Debug|Any CPU.Build.0 = Debug|Any CPU
		{22A290FC-7DA7-99FA-1973-E746C954A579}.Release|Any CPU.ActiveCfg = Release|Any CPU
		{22A290FC-7DA7-99FA-1973-E746C954A579}.Release|Any CPU.Build.0 = Release|Any CPU
		{664A95A4-0733-EE5F-5FFF-C36EBACA54C7}.Debug|Any CPU.ActiveCfg = Debug|Any CPU
		{664A95A4-0733-EE5F-5FFF-C36EBACA54C7}.Debug|Any CPU.Build.0 = Debug|Any CPU
		{664A95A4-0733-EE5F-5FFF-C36EBACA54C7}.Release|Any CPU.ActiveCfg = Release|Any CPU
		{664A95A4-0733-EE5F-5FFF-C36EBACA54C7}.Release|Any CPU.Build.0 = Release|Any CPU
		{CE44968F-6FB1-F8A5-F3AF-0BC002E61CB6}.Debug|Any CPU.ActiveCfg = Debug|Any CPU
		{CE44968F-6FB1-F8A5-F3AF-0BC002E61CB6}.Debug|Any CPU.Build.0 = Debug|Any CPU
		{CE44968F-6FB1-F8A5-F3AF-0BC002E61CB6}.Release|Any CPU.ActiveCfg = Release|Any CPU
		{CE44968F-6FB1-F8A5-F3AF-0BC002E61CB6}.Release|Any CPU.Build.0 = Release|Any CPU
		{11755015-520C-2FCF-840A-180A4E8FA013}.Debug|Any CPU.ActiveCfg = Debug|Any CPU
		{11755015-520C-2FCF-840A-180A4E8FA013}.Debug|Any CPU.Build.0 = Debug|Any CPU
		{11755015-520C-2FCF-840A-180A4E8FA013}.Release|Any CPU.ActiveCfg = Release|Any CPU
		{11755015-520C-2FCF-840A-180A4E8FA013}.Release|Any CPU.Build.0 = Release|Any CPU
		{7273DF34-B2A5-E27A-8269-7CA06CF9C935}.Debug|Any CPU.ActiveCfg = Debug|Any CPU
		{7273DF34-B2A5-E27A-8269-7CA06CF9C935}.Debug|Any CPU.Build.0 = Debug|Any CPU
		{7273DF34-B2A5-E27A-8269-7CA06CF9C935}.Release|Any CPU.ActiveCfg = Release|Any CPU
		{7273DF34-B2A5-E27A-8269-7CA06CF9C935}.Release|Any CPU.Build.0 = Release|Any CPU
		{6274AF2B-B624-4B28-D0E1-99C4131246DE}.Debug|Any CPU.ActiveCfg = Debug|Any CPU
		{6274AF2B-B624-4B28-D0E1-99C4131246DE}.Debug|Any CPU.Build.0 = Debug|Any CPU
		{6274AF2B-B624-4B28-D0E1-99C4131246DE}.Release|Any CPU.ActiveCfg = Release|Any CPU
		{6274AF2B-B624-4B28-D0E1-99C4131246DE}.Release|Any CPU.Build.0 = Release|Any CPU
		{910DEF6A-0AA4-84A6-2999-12D8BB3A7D96}.Debug|Any CPU.ActiveCfg = Debug|Any CPU
		{910DEF6A-0AA4-84A6-2999-12D8BB3A7D96}.Debug|Any CPU.Build.0 = Debug|Any CPU
		{910DEF6A-0AA4-84A6-2999-12D8BB3A7D96}.Release|Any CPU.ActiveCfg = Release|Any CPU
		{910DEF6A-0AA4-84A6-2999-12D8BB3A7D96}.Release|Any CPU.Build.0 = Release|Any CPU
		{23001623-9E5B-BE47-EFF6-13914ADC8CB8}.Debug|Any CPU.ActiveCfg = Debug|Any CPU
		{23001623-9E5B-BE47-EFF6-13914ADC8CB8}.Debug|Any CPU.Build.0 = Debug|Any CPU
		{23001623-9E5B-BE47-EFF6-13914ADC8CB8}.Release|Any CPU.ActiveCfg = Release|Any CPU
		{23001623-9E5B-BE47-EFF6-13914ADC8CB8}.Release|Any CPU.Build.0 = Release|Any CPU
		{D9C2E38C-F2C9-D2E4-7F2B-D6D8319A7AF4}.Debug|Any CPU.ActiveCfg = Debug|Any CPU
		{D9C2E38C-F2C9-D2E4-7F2B-D6D8319A7AF4}.Debug|Any CPU.Build.0 = Debug|Any CPU
		{D9C2E38C-F2C9-D2E4-7F2B-D6D8319A7AF4}.Release|Any CPU.ActiveCfg = Release|Any CPU
		{D9C2E38C-F2C9-D2E4-7F2B-D6D8319A7AF4}.Release|Any CPU.Build.0 = Release|Any CPU
		{C4A3FDB7-5146-33C4-1C52-07EAC27297EA}.Debug|Any CPU.ActiveCfg = Debug|Any CPU
		{C4A3FDB7-5146-33C4-1C52-07EAC27297EA}.Debug|Any CPU.Build.0 = Debug|Any CPU
		{C4A3FDB7-5146-33C4-1C52-07EAC27297EA}.Release|Any CPU.ActiveCfg = Release|Any CPU
		{C4A3FDB7-5146-33C4-1C52-07EAC27297EA}.Release|Any CPU.Build.0 = Release|Any CPU
		{91AD2493-2F0A-3A72-3E26-1CFAA5D0899A}.Debug|Any CPU.ActiveCfg = Debug|Any CPU
		{91AD2493-2F0A-3A72-3E26-1CFAA5D0899A}.Debug|Any CPU.Build.0 = Debug|Any CPU
		{91AD2493-2F0A-3A72-3E26-1CFAA5D0899A}.Release|Any CPU.ActiveCfg = Release|Any CPU
		{91AD2493-2F0A-3A72-3E26-1CFAA5D0899A}.Release|Any CPU.Build.0 = Release|Any CPU
		{22877A13-BA52-AED7-1B04-020D976E6FE0}.Debug|Any CPU.ActiveCfg = Debug|Any CPU
		{22877A13-BA52-AED7-1B04-020D976E6FE0}.Debug|Any CPU.Build.0 = Debug|Any CPU
		{22877A13-BA52-AED7-1B04-020D976E6FE0}.Release|Any CPU.ActiveCfg = Release|Any CPU
		{22877A13-BA52-AED7-1B04-020D976E6FE0}.Release|Any CPU.Build.0 = Release|Any CPU
		{85979158-7BC3-32E1-4CDA-8E0273E76CCD}.Debug|Any CPU.ActiveCfg = Debug|Any CPU
		{85979158-7BC3-32E1-4CDA-8E0273E76CCD}.Debug|Any CPU.Build.0 = Debug|Any CPU
		{85979158-7BC3-32E1-4CDA-8E0273E76CCD}.Release|Any CPU.ActiveCfg = Release|Any CPU
		{85979158-7BC3-32E1-4CDA-8E0273E76CCD}.Release|Any CPU.Build.0 = Release|Any CPU
		{CEE898FA-FB46-DDFB-A049-EF54EAA52B63}.Debug|Any CPU.ActiveCfg = Debug|Any CPU
		{CEE898FA-FB46-DDFB-A049-EF54EAA52B63}.Debug|Any CPU.Build.0 = Debug|Any CPU
		{CEE898FA-FB46-DDFB-A049-EF54EAA52B63}.Release|Any CPU.ActiveCfg = Release|Any CPU
		{CEE898FA-FB46-DDFB-A049-EF54EAA52B63}.Release|Any CPU.Build.0 = Release|Any CPU
		{9C7032DC-38BE-6708-98D6-D106DC412CDF}.Debug|Any CPU.ActiveCfg = Debug|Any CPU
		{9C7032DC-38BE-6708-98D6-D106DC412CDF}.Debug|Any CPU.Build.0 = Debug|Any CPU
		{9C7032DC-38BE-6708-98D6-D106DC412CDF}.Release|Any CPU.ActiveCfg = Release|Any CPU
		{9C7032DC-38BE-6708-98D6-D106DC412CDF}.Release|Any CPU.Build.0 = Release|Any CPU
		{960FE20D-081E-3080-A0C9-B4ECDA9AFF34}.Debug|Any CPU.ActiveCfg = Debug|Any CPU
		{960FE20D-081E-3080-A0C9-B4ECDA9AFF34}.Debug|Any CPU.Build.0 = Debug|Any CPU
		{960FE20D-081E-3080-A0C9-B4ECDA9AFF34}.Release|Any CPU.ActiveCfg = Release|Any CPU
		{960FE20D-081E-3080-A0C9-B4ECDA9AFF34}.Release|Any CPU.Build.0 = Release|Any CPU
		{A98C4648-0D8C-646B-300D-1488F25F1A65}.Debug|Any CPU.ActiveCfg = Debug|Any CPU
		{A98C4648-0D8C-646B-300D-1488F25F1A65}.Debug|Any CPU.Build.0 = Debug|Any CPU
		{A98C4648-0D8C-646B-300D-1488F25F1A65}.Release|Any CPU.ActiveCfg = Release|Any CPU
		{A98C4648-0D8C-646B-300D-1488F25F1A65}.Release|Any CPU.Build.0 = Release|Any CPU
		{5415257B-605D-C1EE-3A57-3704A3EE59B2}.Debug|Any CPU.ActiveCfg = Debug|Any CPU
		{5415257B-605D-C1EE-3A57-3704A3EE59B2}.Debug|Any CPU.Build.0 = Debug|Any CPU
		{5415257B-605D-C1EE-3A57-3704A3EE59B2}.Release|Any CPU.ActiveCfg = Release|Any CPU
		{5415257B-605D-C1EE-3A57-3704A3EE59B2}.Release|Any CPU.Build.0 = Release|Any CPU
		{71B13413-3079-F189-A609-7EF55CBE7835}.Debug|Any CPU.ActiveCfg = Debug|Any CPU
		{71B13413-3079-F189-A609-7EF55CBE7835}.Debug|Any CPU.Build.0 = Debug|Any CPU
		{71B13413-3079-F189-A609-7EF55CBE7835}.Release|Any CPU.ActiveCfg = Release|Any CPU
		{71B13413-3079-F189-A609-7EF55CBE7835}.Release|Any CPU.Build.0 = Release|Any CPU
		{3924BE50-8C13-8768-9CDB-820AA6FEB3BD}.Debug|Any CPU.ActiveCfg = Debug|Any CPU
		{3924BE50-8C13-8768-9CDB-820AA6FEB3BD}.Debug|Any CPU.Build.0 = Debug|Any CPU
		{3924BE50-8C13-8768-9CDB-820AA6FEB3BD}.Release|Any CPU.ActiveCfg = Release|Any CPU
		{3924BE50-8C13-8768-9CDB-820AA6FEB3BD}.Release|Any CPU.Build.0 = Release|Any CPU
		{36A4D7C4-551B-47FF-A4C5-DBB756F51F3B}.Debug|Any CPU.ActiveCfg = Debug|Any CPU
		{36A4D7C4-551B-47FF-A4C5-DBB756F51F3B}.Debug|Any CPU.Build.0 = Debug|Any CPU
		{36A4D7C4-551B-47FF-A4C5-DBB756F51F3B}.Release|Any CPU.ActiveCfg = Release|Any CPU
		{36A4D7C4-551B-47FF-A4C5-DBB756F51F3B}.Release|Any CPU.Build.0 = Release|Any CPU
		{AE18EA3E-B84B-CAE7-A33C-CF1FE1252105}.Debug|Any CPU.ActiveCfg = Debug|Any CPU
		{AE18EA3E-B84B-CAE7-A33C-CF1FE1252105}.Debug|Any CPU.Build.0 = Debug|Any CPU
		{AE18EA3E-B84B-CAE7-A33C-CF1FE1252105}.Release|Any CPU.ActiveCfg = Release|Any CPU
		{AE18EA3E-B84B-CAE7-A33C-CF1FE1252105}.Release|Any CPU.Build.0 = Release|Any CPU
		{ADFADC25-24C5-AFFF-5A8A-099153D9D9F0}.Debug|Any CPU.ActiveCfg = Debug|Any CPU
		{ADFADC25-24C5-AFFF-5A8A-099153D9D9F0}.Debug|Any CPU.Build.0 = Debug|Any CPU
		{ADFADC25-24C5-AFFF-5A8A-099153D9D9F0}.Release|Any CPU.ActiveCfg = Release|Any CPU
		{ADFADC25-24C5-AFFF-5A8A-099153D9D9F0}.Release|Any CPU.Build.0 = Release|Any CPU
		{A45FEDDF-5317-DD54-9866-70612DC708AF}.Debug|Any CPU.ActiveCfg = Debug|Any CPU
		{A45FEDDF-5317-DD54-9866-70612DC708AF}.Debug|Any CPU.Build.0 = Debug|Any CPU
		{A45FEDDF-5317-DD54-9866-70612DC708AF}.Release|Any CPU.ActiveCfg = Release|Any CPU
		{A45FEDDF-5317-DD54-9866-70612DC708AF}.Release|Any CPU.Build.0 = Release|Any CPU
		{A8E95C33-094C-9AC2-4D86-4B31FCE0735A}.Debug|Any CPU.ActiveCfg = Debug|Any CPU
		{A8E95C33-094C-9AC2-4D86-4B31FCE0735A}.Debug|Any CPU.Build.0 = Debug|Any CPU
		{A8E95C33-094C-9AC2-4D86-4B31FCE0735A}.Release|Any CPU.ActiveCfg = Release|Any CPU
		{A8E95C33-094C-9AC2-4D86-4B31FCE0735A}.Release|Any CPU.Build.0 = Release|Any CPU
		{2B11B74C-264F-87A2-8C1C-3BC35D8AE8B2}.Debug|Any CPU.ActiveCfg = Debug|Any CPU
		{2B11B74C-264F-87A2-8C1C-3BC35D8AE8B2}.Debug|Any CPU.Build.0 = Debug|Any CPU
		{2B11B74C-264F-87A2-8C1C-3BC35D8AE8B2}.Release|Any CPU.ActiveCfg = Release|Any CPU
		{2B11B74C-264F-87A2-8C1C-3BC35D8AE8B2}.Release|Any CPU.Build.0 = Release|Any CPU
		{9D693A8C-FEA0-9DD7-A39B-B51166597808}.Debug|Any CPU.ActiveCfg = Debug|Any CPU
		{9D693A8C-FEA0-9DD7-A39B-B51166597808}.Debug|Any CPU.Build.0 = Debug|Any CPU
		{9D693A8C-FEA0-9DD7-A39B-B51166597808}.Release|Any CPU.ActiveCfg = Release|Any CPU
		{9D693A8C-FEA0-9DD7-A39B-B51166597808}.Release|Any CPU.Build.0 = Release|Any CPU
		{CFEDF5E2-0F7C-7215-60FC-C87EAA923435}.Debug|Any CPU.ActiveCfg = Debug|Any CPU
		{CFEDF5E2-0F7C-7215-60FC-C87EAA923435}.Debug|Any CPU.Build.0 = Debug|Any CPU
		{CFEDF5E2-0F7C-7215-60FC-C87EAA923435}.Release|Any CPU.ActiveCfg = Release|Any CPU
		{CFEDF5E2-0F7C-7215-60FC-C87EAA923435}.Release|Any CPU.Build.0 = Release|Any CPU
		{056A370B-EF19-0E82-22BC-E7F898569A3C}.Debug|Any CPU.ActiveCfg = Debug|Any CPU
		{056A370B-EF19-0E82-22BC-E7F898569A3C}.Debug|Any CPU.Build.0 = Debug|Any CPU
		{056A370B-EF19-0E82-22BC-E7F898569A3C}.Release|Any CPU.ActiveCfg = Release|Any CPU
		{056A370B-EF19-0E82-22BC-E7F898569A3C}.Release|Any CPU.Build.0 = Release|Any CPU
		{DD352400-5305-2F38-BE3A-0A6EAEF9BB6D}.Debug|Any CPU.ActiveCfg = Debug|Any CPU
		{DD352400-5305-2F38-BE3A-0A6EAEF9BB6D}.Debug|Any CPU.Build.0 = Debug|Any CPU
		{DD352400-5305-2F38-BE3A-0A6EAEF9BB6D}.Release|Any CPU.ActiveCfg = Release|Any CPU
		{DD352400-5305-2F38-BE3A-0A6EAEF9BB6D}.Release|Any CPU.Build.0 = Release|Any CPU
	EndGlobalSection
	GlobalSection(SolutionProperties) = preSolution
		HideSolutionNode = FALSE
	EndGlobalSection
EndGlobal
